
Microsoft Visual Studio Solution File, Format Version 12.00
# Visual Studio Version 16
VisualStudioVersion = 16.0.30011.22
MinimumVisualStudioVersion = 10.0.40219.1
Project("{F184B08F-C81C-45F6-A57F-5ABD9991F28F}") = "Vidly", "Vidly\Vidly.vbproj", "{B3E6C291-0486-4D0C-A57A-549C985D869F}"
EndProject
Global
	GlobalSection(SolutionConfigurationPlatforms) = preSolution
		Debug|Any CPU = Debug|Any CPU
		Release|Any CPU = Release|Any CPU
	EndGlobalSection
	GlobalSection(ProjectConfigurationPlatforms) = postSolution
		{B3E6C291-0486-4D0C-A57A-549C985D869F}.Debug|Any CPU.ActiveCfg = Debug|Any CPU
		{B3E6C291-0486-4D0C-A57A-549C985D869F}.Debug|Any CPU.Build.0 = Debug|Any CPU
		{B3E6C291-0486-4D0C-A57A-549C985D869F}.Release|Any CPU.ActiveCfg = Release|Any CPU
		{B3E6C291-0486-4D0C-A57A-549C985D869F}.Release|Any CPU.Build.0 = Release|Any CPU
	EndGlobalSection
	GlobalSection(SolutionProperties) = preSolution
		HideSolutionNode = FALSE
	EndGlobalSection
	GlobalSection(ExtensibilityGlobals) = postSolution
		SolutionGuid = {2E7261CA-E933-49AC-8EB8-D6F613EE795D}
	EndGlobalSection
EndGlobal
